// !$*UTF8*$!
{
	archiveVersion = 1;
	classes = {
	};
	objectVersion = 46;
	objects = {

/* Begin PBXBuildFile section */
		71E116571C86618200C94CB2 /* AppDelegate.swift in Sources */ = {isa = PBXBuildFile; fileRef = 71E116561C86618200C94CB2 /* AppDelegate.swift */; };
		71E116591C86618200C94CB2 /* ViewController.swift in Sources */ = {isa = PBXBuildFile; fileRef = 71E116581C86618200C94CB2 /* ViewController.swift */; };
		71E1165C1C86618200C94CB2 /* Main.storyboard in Resources */ = {isa = PBXBuildFile; fileRef = 71E1165A1C86618200C94CB2 /* Main.storyboard */; };
		71E1165E1C86618200C94CB2 /* Assets.xcassets in Resources */ = {isa = PBXBuildFile; fileRef = 71E1165D1C86618200C94CB2 /* Assets.xcassets */; };
		71E116611C86618200C94CB2 /* LaunchScreen.storyboard in Resources */ = {isa = PBXBuildFile; fileRef = 71E1165F1C86618200C94CB2 /* LaunchScreen.storyboard */; };
		71E1166C1C86618200C94CB2 /* CliniCoolTests.swift in Sources */ = {isa = PBXBuildFile; fileRef = 71E1166B1C86618200C94CB2 /* CliniCoolTests.swift */; };
/* End PBXBuildFile section */

/* Begin PBXContainerItemProxy section */
		71E116681C86618200C94CB2 /* PBXContainerItemProxy */ = {
			isa = PBXContainerItemProxy;
			containerPortal = 71E1164B1C86618200C94CB2 /* Project object */;
			proxyType = 1;
			remoteGlobalIDString = 71E116521C86618200C94CB2;
			remoteInfo = CliniCool;
		};
/* End PBXContainerItemProxy section */

/* Begin PBXFileReference section */
		71E116531C86618200C94CB2 /* CliniCool.app */ = {isa = PBXFileReference; explicitFileType = wrapper.application; includeInIndex = 0; path = CliniCool.app; sourceTree = BUILT_PRODUCTS_DIR; };
		71E116561C86618200C94CB2 /* AppDelegate.swift */ = {isa = PBXFileReference; lastKnownFileType = sourcecode.swift; path = AppDelegate.swift; sourceTree = "<group>"; };
		71E116581C86618200C94CB2 /* ViewController.swift */ = {isa = PBXFileReference; lastKnownFileType = sourcecode.swift; path = ViewController.swift; sourceTree = "<group>"; };
		71E1165B1C86618200C94CB2 /* Base */ = {isa = PBXFileReference; lastKnownFileType = file.storyboard; name = Base; path = Base.lproj/Main.storyboard; sourceTree = "<group>"; };
		71E1165D1C86618200C94CB2 /* Assets.xcassets */ = {isa = PBXFileReference; lastKnownFileType = folder.assetcatalog; path = Assets.xcassets; sourceTree = "<group>"; };
		71E116601C86618200C94CB2 /* Base */ = {isa = PBXFileReference; lastKnownFileType = file.storyboard; name = Base; path = Base.lproj/LaunchScreen.storyboard; sourceTree = "<group>"; };
		71E116621C86618200C94CB2 /* Info.plist */ = {isa = PBXFileReference; lastKnownFileType = text.plist.xml; path = Info.plist; sourceTree = "<group>"; };
		71E116671C86618200C94CB2 /* CliniCoolTests.xctest */ = {isa = PBXFileReference; explicitFileType = wrapper.cfbundle; includeInIndex = 0; path = CliniCoolTests.xctest; sourceTree = BUILT_PRODUCTS_DIR; };
		71E1166B1C86618200C94CB2 /* CliniCoolTests.swift */ = {isa = PBXFileReference; lastKnownFileType = sourcecode.swift; path = CliniCoolTests.swift; sourceTree = "<group>"; };
		71E1166D1C86618200C94CB2 /* Info.plist */ = {isa = PBXFileReference; lastKnownFileType = text.plist.xml; path = Info.plist; sourceTree = "<group>"; };
/* End PBXFileReference section */

/* Begin PBXFrameworksBuildPhase section */
		71E116501C86618200C94CB2 /* Frameworks */ = {
			isa = PBXFrameworksBuildPhase;
			buildActionMask = 2147483647;
			files = (
			);
			runOnlyForDeploymentPostprocessing = 0;
		};
		71E116641C86618200C94CB2 /* Frameworks */ = {
			isa = PBXFrameworksBuildPhase;
			buildActionMask = 2147483647;
			files = (
			);
			runOnlyForDeploymentPostprocessing = 0;
		};
/* End PBXFrameworksBuildPhase section */

/* Begin PBXGroup section */
		71E1164A1C86618200C94CB2 = {
			isa = PBXGroup;
			children = (
				71E116551C86618200C94CB2 /* CliniCool */,
				71E1166A1C86618200C94CB2 /* CliniCoolTests */,
				71E116541C86618200C94CB2 /* Products */,
			);
			sourceTree = "<group>";
		};
		71E116541C86618200C94CB2 /* Products */ = {
			isa = PBXGroup;
			children = (
				71E116531C86618200C94CB2 /* CliniCool.app */,
				71E116671C86618200C94CB2 /* CliniCoolTests.xctest */,
			);
			name = Products;
			sourceTree = "<group>";
		};
		71E116551C86618200C94CB2 /* CliniCool */ = {
			isa = PBXGroup;
			children = (
				71E116561C86618200C94CB2 /* AppDelegate.swift */,
				71E116581C86618200C94CB2 /* ViewController.swift */,
				71E1165A1C86618200C94CB2 /* Main.storyboard */,
				71E1165D1C86618200C94CB2 /* Assets.xcassets */,
				71E1165F1C86618200C94CB2 /* LaunchScreen.storyboard */,
				71E116621C86618200C94CB2 /* Info.plist */,
			);
			path = CliniCool;
			sourceTree = "<group>";
		};
		71E1166A1C86618200C94CB2 /* CliniCoolTests */ = {
			isa = PBXGroup;
			children = (
				71E1166B1C86618200C94CB2 /* CliniCoolTests.swift */,
				71E1166D1C86618200C94CB2 /* Info.plist */,
			);
			path = CliniCoolTests;
			sourceTree = "<group>";
		};
/* End PBXGroup section */

/* Begin PBXNativeTarget section */
		71E116521C86618200C94CB2 /* CliniCool */ = {
			isa = PBXNativeTarget;
			buildConfigurationList = 71E116701C86618200C94CB2 /* Build configuration list for PBXNativeTarget "CliniCool" */;
			buildPhases = (
				71E1164F1C86618200C94CB2 /* Sources */,
				71E116501C86618200C94CB2 /* Frameworks */,
				71E116511C86618200C94CB2 /* Resources */,
			);
			buildRules = (
			);
			dependencies = (
			);
			name = CliniCool;
			productName = CliniCool;
			productReference = 71E116531C86618200C94CB2 /* CliniCool.app */;
			productType = "com.apple.product-type.application";
		};
		71E116661C86618200C94CB2 /* CliniCoolTests */ = {
			isa = PBXNativeTarget;
			buildConfigurationList = 71E116731C86618200C94CB2 /* Build configuration list for PBXNativeTarget "CliniCoolTests" */;
			buildPhases = (
				71E116631C86618200C94CB2 /* Sources */,
				71E116641C86618200C94CB2 /* Frameworks */,
				71E116651C86618200C94CB2 /* Resources */,
			);
			buildRules = (
			);
			dependencies = (
				71E116691C86618200C94CB2 /* PBXTargetDependency */,
			);
			name = CliniCoolTests;
			productName = CliniCoolTests;
			productReference = 71E116671C86618200C94CB2 /* CliniCoolTests.xctest */;
			productType = "com.apple.product-type.bundle.unit-test";
		};
/* End PBXNativeTarget section */

/* Begin PBXProject section */
		71E1164B1C86618200C94CB2 /* Project object */ = {
			isa = PBXProject;
			attributes = {
				LastSwiftUpdateCheck = 0720;
				LastUpgradeCheck = 0720;
				ORGANIZATIONNAME = BaerCode;
				TargetAttributes = {
					71E116521C86618200C94CB2 = {
						CreatedOnToolsVersion = 7.2;
					};
					71E116661C86618200C94CB2 = {
						CreatedOnToolsVersion = 7.2;
						TestTargetID = 71E116521C86618200C94CB2;
					};
				};
			};
			buildConfigurationList = 71E1164E1C86618200C94CB2 /* Build configuration list for PBXProject "CliniCool" */;
			compatibilityVersion = "Xcode 3.2";
			developmentRegion = English;
			hasScannedForEncodings = 0;
			knownRegions = (
				en,
				Base,
			);
			mainGroup = 71E1164A1C86618200C94CB2;
			productRefGroup = 71E116541C86618200C94CB2 /* Products */;
			projectDirPath = "";
			projectRoot = "";
			targets = (
				71E116521C86618200C94CB2 /* CliniCool */,
				71E116661C86618200C94CB2 /* CliniCoolTests */,
			);
		};
/* End PBXProject section */

/* Begin PBXResourcesBuildPhase section */
		71E116511C86618200C94CB2 /* Resources */ = {
			isa = PBXResourcesBuildPhase;
			buildActionMask = 2147483647;
			files = (
				71E116611C86618200C94CB2 /* LaunchScreen.storyboard in Resources */,
				71E1165E1C86618200C94CB2 /* Assets.xcassets in Resources */,
				71E1165C1C86618200C94CB2 /* Main.storyboard in Resources */,
			);
			runOnlyForDeploymentPostprocessing = 0;
		};
		71E116651C86618200C94CB2 /* Resources */ = {
			isa = PBXResourcesBuildPhase;
			buildActionMask = 2147483647;
			files = (
			);
			runOnlyForDeploymentPostprocessing = 0;
		};
/* End PBXResourcesBuildPhase section */

/* Begin PBXSourcesBuildPhase section */
		71E1164F1C86618200C94CB2 /* Sources */ = {
			isa = PBXSourcesBuildPhase;
			buildActionMask = 2147483647;
			files = (
				71E116591C86618200C94CB2 /* ViewController.swift in Sources */,
				71E116571C86618200C94CB2 /* AppDelegate.swift in Sources */,
			);
			runOnlyForDeploymentPostprocessing = 0;
		};
		71E116631C86618200C94CB2 /* Sources */ = {
			isa = PBXSourcesBuildPhase;
			buildActionMask = 2147483647;
			files = (
				71E1166C1C86618200C94CB2 /* CliniCoolTests.swift in Sources */,
			);
			runOnlyForDeploymentPostprocessing = 0;
		};
/* End PBXSourcesBuildPhase section */

/* Begin PBXTargetDependency section */
		71E116691C86618200C94CB2 /* PBXTargetDependency */ = {
			isa = PBXTargetDependency;
			target = 71E116521C86618200C94CB2 /* CliniCool */;
			targetProxy = 71E116681C86618200C94CB2 /* PBXContainerItemProxy */;
		};
/* End PBXTargetDependency section */

/* Begin PBXVariantGroup section */
		71E1165A1C86618200C94CB2 /* Main.storyboard */ = {
			isa = PBXVariantGroup;
			children = (
				71E1165B1C86618200C94CB2 /* Base */,
			);
			name = Main.storyboard;
			sourceTree = "<group>";
		};
		71E1165F1C86618200C94CB2 /* LaunchScreen.storyboard */ = {
			isa = PBXVariantGroup;
			children = (
				71E116601C86618200C94CB2 /* Base */,
			);
			name = LaunchScreen.storyboard;
			sourceTree = "<group>";
		};
/* End PBXVariantGroup section */

/* Begin XCBuildConfiguration section */
		71E1166E1C86618200C94CB2 /* Debug */ = {
			isa = XCBuildConfiguration;
			buildSettings = {
				ALWAYS_SEARCH_USER_PATHS = NO;
				CLANG_CXX_LANGUAGE_STANDARD = "gnu++0x";
				CLANG_CXX_LIBRARY = "libc++";
				CLANG_ENABLE_MODULES = YES;
				CLANG_ENABLE_OBJC_ARC = YES;
				CLANG_WARN_BOOL_CONVERSION = YES;
				CLANG_WARN_CONSTANT_CONVERSION = YES;
				CLANG_WARN_DIRECT_OBJC_ISA_USAGE = YES_ERROR;
				CLANG_WARN_EMPTY_BODY = YES;
				CLANG_WARN_ENUM_CONVERSION = YES;
				CLANG_WARN_INT_CONVERSION = YES;
				CLANG_WARN_OBJC_ROOT_CLASS = YES_ERROR;
				CLANG_WARN_UNREACHABLE_CODE = YES;
				CLANG_WARN__DUPLICATE_METHOD_MATCH = YES;
				"CODE_SIGN_IDENTITY[sdk=iphoneos*]" = "iPhone Developer";
				COPY_PHASE_STRIP = NO;
				DEBUG_INFORMATION_FORMAT = dwarf;
				ENABLE_STRICT_OBJC_MSGSEND = YES;
				ENABLE_TESTABILITY = YES;
				GCC_C_LANGUAGE_STANDARD = gnu99;
				GCC_DYNAMIC_NO_PIC = NO;
				GCC_NO_COMMON_BLOCKS = YES;
				GCC_OPTIMIZATION_LEVEL = 0;
				GCC_PREPROCESSOR_DEFINITIONS = (
					"DEBUG=1",
					"$(inherited)",
				);
				GCC_WARN_64_TO_32_BIT_CONVERSION = YES;
				GCC_WARN_ABOUT_RETURN_TYPE = YES_ERROR;
				GCC_WARN_UNDECLARED_SELECTOR = YES;
				GCC_WARN_UNINITIALIZED_AUTOS = YES_AGGRESSIVE;
				GCC_WARN_UNUSED_FUNCTION = YES;
				GCC_WARN_UNUSED_VARIABLE = YES;
				IPHONEOS_DEPLOYMENT_TARGET = 9.2;
				MTL_ENABLE_DEBUG_INFO = YES;
				ONLY_ACTIVE_ARCH = YES;
				SDKROOT = iphoneos;
				SWIFT_OPTIMIZATION_LEVEL = "-Onone";
				TARGETED_DEVICE_FAMILY = "1,2";
			};
			name = Debug;
		};
		71E1166F1C86618200C94CB2 /* Release */ = {
			isa = XCBuildConfiguration;
			buildSettings = {
				ALWAYS_SEARCH_USER_PATHS = NO;
				CLANG_CXX_LANGUAGE_STANDARD = "gnu++0x";
				CLANG_CXX_LIBRARY = "libc++";
				CLANG_ENABLE_MODULES = YES;
				CLANG_ENABLE_OBJC_ARC = YES;
				CLANG_WARN_BOOL_CONVERSION = YES;
				CLANG_WARN_CONSTANT_CONVERSION = YES;
				CLANG_WARN_DIRECT_OBJC_ISA_USAGE = YES_ERROR;
				CLANG_WARN_EMPTY_BODY = YES;
				CLANG_WARN_ENUM_CONVERSION = YES;
				CLANG_WARN_INT_CONVERSION = YES;
				CLANG_WARN_OBJC_ROOT_CLASS = YES_ERROR;
				CLANG_WARN_UNREACHABLE_CODE = YES;
				CLANG_WARN__DUPLICATE_METHOD_MATCH = YES;
				"CODE_SIGN_IDENTITY[sdk=iphoneos*]" = "iPhone Developer";
				COPY_PHASE_STRIP = NO;
				DEBUG_INFORMATION_FORMAT = "dwarf-with-dsym";
				ENABLE_NS_ASSERTIONS = NO;
				ENABLE_STRICT_OBJC_MSGSEND = YES;
				GCC_C_LANGUAGE_STANDARD = gnu99;
				GCC_NO_COMMON_BLOCKS = YES;
				GCC_WARN_64_TO_32_BIT_CONVERSION = YES;
				GCC_WARN_ABOUT_RETURN_TYPE = YES_ERROR;
				GCC_WARN_UNDECLARED_SELECTOR = YES;
				GCC_WARN_UNINITIALIZED_AUTOS = YES_AGGRESSIVE;
				GCC_WARN_UNUSED_FUNCTION = YES;
				GCC_WARN_UNUSED_VARIABLE = YES;
				IPHONEOS_DEPLOYMENT_TARGET = 9.2;
				MTL_ENABLE_DEBUG_INFO = NO;
				SDKROOT = iphoneos;
				TARGETED_DEVICE_FAMILY = "1,2";
				VALIDATE_PRODUCT = YES;
			};
			name = Release;
		};
		71E116711C86618200C94CB2 /* Debug */ = {
			isa = XCBuildConfiguration;
			buildSettings = {
				ASSETCATALOG_COMPILER_APPICON_NAME = AppIcon;
				INFOPLIST_FILE = CliniCool/Info.plist;
				LD_RUNPATH_SEARCH_PATHS = "$(inherited) @executable_path/Frameworks";
				PRODUCT_BUNDLE_IDENTIFIER = com.baercode.CliniCool;
				PRODUCT_NAME = "$(TARGET_NAME)";
			};
			name = Debug;
		};
		71E116721C86618200C94CB2 /* Release */ = {
			isa = XCBuildConfiguration;
			buildSettings = {
				ASSETCATALOG_COMPILER_APPICON_NAME = AppIcon;
				INFOPLIST_FILE = CliniCool/Info.plist;
				LD_RUNPATH_SEARCH_PATHS = "$(inherited) @executable_path/Frameworks";
				PRODUCT_BUNDLE_IDENTIFIER = com.baercode.CliniCool;
				PRODUCT_NAME = "$(TARGET_NAME)";
			};
			name = Release;
		};
		71E116741C86618200C94CB2 /* Debug */ = {
			isa = XCBuildConfiguration;
			buildSettings = {
				BUNDLE_LOADER = "$(TEST_HOST)";
				INFOPLIST_FILE = CliniCoolTests/Info.plist;
				LD_RUNPATH_SEARCH_PATHS = "$(inherited) @executable_path/Frameworks @loader_path/Frameworks";
				PRODUCT_BUNDLE_IDENTIFIER = com.baercode.CliniCoolTests;
				PRODUCT_NAME = "$(TARGET_NAME)";
				TEST_HOST = "$(BUILT_PRODUCTS_DIR)/CliniCool.app/CliniCool";
			};
			name = Debug;
		};
		71E116751C86618200C94CB2 /* Release */ = {
			isa = XCBuildConfiguration;
			buildSettings = {
				BUNDLE_LOADER = "$(TEST_HOST)";
				INFOPLIST_FILE = CliniCoolTests/Info.plist;
				LD_RUNPATH_SEARCH_PATHS = "$(inherited) @executable_path/Frameworks @loader_path/Frameworks";
				PRODUCT_BUNDLE_IDENTIFIER = com.baercode.CliniCoolTests;
				PRODUCT_NAME = "$(TARGET_NAME)";
				TEST_HOST = "$(BUILT_PRODUCTS_DIR)/CliniCool.app/CliniCool";
			};
			name = Release;
		};
/* End XCBuildConfiguration section */

/* Begin XCConfigurationList section */
		71E1164E1C86618200C94CB2 /* Build configuration list for PBXProject "CliniCool" */ = {
			isa = XCConfigurationList;
			buildConfigurations = (
				71E1166E1C86618200C94CB2 /* Debug */,
				71E1166F1C86618200C94CB2 /* Release */,
			);
			defaultConfigurationIsVisible = 0;
			defaultConfigurationName = Release;
		};
		71E116701C86618200C94CB2 /* Build configuration list for PBXNativeTarget "CliniCool" */ = {
			isa = XCConfigurationList;
			buildConfigurations = (
				71E116711C86618200C94CB2 /* Debug */,
				71E116721C86618200C94CB2 /* Release */,
			);
			defaultConfigurationIsVisible = 0;
		};
		71E116731C86618200C94CB2 /* Build configuration list for PBXNativeTarget "CliniCoolTests" */ = {
			isa = XCConfigurationList;
			buildConfigurations = (
				71E116741C86618200C94CB2 /* Debug */,
				71E116751C86618200C94CB2 /* Release */,
			);
			defaultConfigurationIsVisible = 0;
		};
/* End XCConfigurationList section */
	};
	rootObject = 71E1164B1C86618200C94CB2 /* Project object */;
}
